{
  "name": "@typescript-package/name",
  "version": "1.0.0-beta",
  "lockfileVersion": 3,
  "requires": true,
  "packages": {
    "": {
      "name": "@typescript-package/name",
      "version": "1.0.0-beta",
      "funding": [
        {
          "type": "stripe",
          "url": "https://donate.stripe.com/dR614hfDZcJE3wAcMM"
        },
        {
          "type": "revolut",
          "url": "https://checkout.revolut.com/pay/048b10a3-0e10-42c8-a917-e3e9cb4c8e29"
        }
      ],
      "license": "MIT",
      "peerDependencies": {
        "@typescript-package/affix": "^2.1.0"
      }
    },
    "node_modules/@typescript-package/affix": {
      "version": "2.1.0",
      "resolved": "https://registry.npmjs.org/@typescript-package/affix/-/affix-2.1.0.tgz",
      "integrity": "sha512-js00ujlA+KYhsi9R2rFfQCEt2et2h87mydi51fJnQFwm6Gycwm0vse7o3zBVov6FkzHha8o4lZ9Dqn/KKo+KLw==",
      "funding": [
        {
          "type": "stripe",
          "url": "https://donate.stripe.com/dR614hfDZcJE3wAcMM"
        },
        {
          "type": "revolut",
          "url": "https://checkout.revolut.com/pay/048b10a3-0e10-42c8-a917-e3e9cb4c8e29"
        }
      ],
      "license": "MIT",
      "peer": true,
      "peerDependencies": {
        "@typescript-package/core": "^2.0.0"
      }
    },
    "node_modules/@typescript-package/core": {
      "version": "2.0.0",
      "resolved": "https://registry.npmjs.org/@typescript-package/core/-/core-2.0.0.tgz",
      "integrity": "sha512-Mj9cjSM4u+gHBJI2B1Y8C5fJQYt0OXUn/B1Kv12Y8GG0UMYxb7PL/xuGi9AvQwXFUBz2GlAOYdeWiXpkrD0mtg==",
      "funding": [
        {
          "type": "individual",
          "url": "https://checkout.revolut.com/pay/048b10a3-0e10-42c8-a917-e3e9cb4c8e29"
        },
        {
          "type": "stripe",
          "url": "https://donate.stripe.com/dR614hfDZcJE3wAcMM"
        }
      ],
      "license": "MIT",
      "peer": true
    }
  }
}
